<?xml version="1.0" encoding="utf-8"?>
<Project ToolsVersion="4.0" xmlns="http://schemas.microsoft.com/developer/msbuild/2003">
  <ItemGroup>
    <ClCompile Include="..\..\src\main.cpp" />
    <ClCompile Include="..\..\src\systeminfo.cpp" />
    <ClCompile Include="..\..\src\sokol\sokol_impl.c">
      <Filter>sokol</Filter>
    </ClCompile>
    <ClCompile Include="..\..\src\xxHash\xxhash.c">
      <Filter>xxhash</Filter>
    </ClCompile>
    <ClCompile Include="..\..\src\fileio.cpp" />
  </ItemGroup>
  <ItemGroup>
    <ClInclude Include="..\..\src\systeminfo.h" />
    <ClInclude Include="..\..\src\sokol\sokol_time.h">
      <Filter>sokol</Filter>
    </ClInclude>
    <ClInclude Include="..\..\src\xxHash\xxhash.h">
      <Filter>xxhash</Filter>
    </ClInclude>
    <ClInclude Include="..\..\src\fileio.h" />
  </ItemGroup>
  <ItemGroup>
    <Filter Include="sokol">
      <UniqueIdentifier>{aed6c8a5-d77a-4ec0-8805-4d3f9bf109f0}</UniqueIdentifier>
    </Filter>
    <Filter Include="xxhash">
      <UniqueIdentifier>{f4704cb3-2d66-48d3-97f3-ac0c673ef80c}</UniqueIdentifier>
    </Filter>
  </ItemGroup>
</Project>